<?xml version="1.0" encoding="utf-8"?>
<Project ToolsVersion="4.0" xmlns="http://schemas.microsoft.com/developer/msbuild/2003">
  <ItemGroup>
    <Filter Include="Source Files">
      <UniqueIdentifier>{4FC737F1-C7A5-4376-A066-2A32D752A2FF}</UniqueIdentifier>
      <Extensions>cpp;c;cc;cxx;c++;cppm;ixx;def;odl;idl;hpj;bat;asm;asmx</Extensions>
    </Filter>
    <Filter Include="Header Files">
      <UniqueIdentifier>{93995380-89BD-4b04-88EB-625FBE52EBFB}</UniqueIdentifier>
      <Extensions>h;hh;hpp;hxx;h++;hm;inl;inc;ipp;xsd</Extensions>
    </Filter>
    <Filter Include="Resource Files">
      <UniqueIdentifier>{67DA6AB6-F800-4c08-8B7A-83BB121AAD01}</UniqueIdentifier>
      <Extensions>rc;ico;cur;bmp;dlg;rc2;rct;bin;rgs;gif;jpg;jpeg;jpe;resx;tiff;tif;png;wav;mfcribbon-ms</Extensions>
    </Filter>
  </ItemGroup>
  <ItemGroup>
    <ClCompile Include="Camera.cpp">
      <Filter>Source Files</Filter>
    </ClCompile>
    <ClCompile Include="DayNight.cpp">
      <Filter>Source Files</Filter>
    </ClCompile>
    <ClCompile Include="main.cpp">
      <Filter>Source Files</Filter>
    </ClCompile>
    <ClCompile Include="Mesh.cpp">
      <Filter>Source Files</Filter>
    </ClCompile>
    <ClCompile Include="Overlay.cpp">
      <Filter>Source Files</Filter>
    </ClCompile>
    <ClCompile Include="Route.cpp">
      <Filter>Source Files</Filter>
    </ClCompile>
    <ClCompile Include="Scene.cpp">
      <Filter>Source Files</Filter>
    </ClCompile>
    <ClCompile Include="Shader.cpp">
      <Filter>Source Files</Filter>
    </ClCompile>
    <ClCompile Include="Simulation.cpp">
      <Filter>Source Files</Filter>
    </ClCompile>
    <ClCompile Include="Texture.cpp">
      <Filter>Source Files</Filter>
    </ClCompile>
    <ClCompile Include="Sky.cpp">
      <Filter>Source Files</Filter>
    </ClCompile>
    <ClCompile Include="PostProcess.cpp">
      <Filter>Source Files</Filter>
    </ClCompile>
    <ClCompile Include="Framebuffer.cpp">
      <Filter>Source Files</Filter>
    </ClCompile>
    <ClCompile Include="Screenshot.cpp">
      <Filter>Source Files</Filter>
    </ClCompile>
    <ClCompile Include="Collision.cpp">
      <Filter>Source Files</Filter>
    </ClCompile>
    <ClCompile Include="TrafficBuild.cpp">
      <Filter>Source Files</Filter>
    </ClCompile>
    <ClCompile Include="FrameStats.cpp">
      <Filter>Source Files</Filter>
    </ClCompile>
    <ClCompile Include="RoadNetwork.cpp">
      <Filter>Source Files</Filter>
    </ClCompile>
    <ClCompile Include="MeshBuilder.cpp">
      <Filter>Source Files</Filter>
    </ClCompile>
    <ClCompile Include="LightManager.cpp">
      <Filter>Source Files</Filter>
    </ClCompile>
    <ClCompile Include="RoadRenderer.cpp">
      <Filter>Source Files</Filter>
    </ClCompile>
    <ClCompile Include="World.cpp">
      <Filter>Source Files</Filter>
    </ClCompile>
    <ClCompile Include="Player.cpp">
      <Filter>Source Files</Filter>
    </ClCompile>
    <ClCompile Include="VehicleTypes.cpp">
      <Filter>Source Files</Filter>
    </ClCompile>
    <ClCompile Include="NeonText.cpp">
      <Filter>Source Files</Filter>
    </ClCompile>
    <ClCompile Include="PropRenderer.cpp">
      <Filter>Source Files</Filter>
    </ClCompile>
    <ClCompile Include="Mannequin.cpp">
      <Filter>Source Files</Filter>
    </ClCompile>
    <ClCompile Include="Pedestrians.cpp">
      <Filter>Source Files</Filter>
    </ClCompile>
    <ClCompile Include="PedestrianRenderer.cpp">
      <Filter>Source Files</Filter>
    </ClCompile>
    <ClCompile Include="TreeGenerator.cpp">
      <Filter>Source Files</Filter>
    </ClCompile>
    <ClCompile Include="WorldCity.cpp">
      <Filter>Source Files</Filter>
    </ClCompile>
    <ClCompile Include="VehicleRenderer.cpp">
      <Filter>Source Files</Filter>
    </ClCompile>
  </ItemGroup>
  <ItemGroup>
    <ClInclude Include="Camera.h"><Filter>Header Files</Filter></ClInclude>
    <ClInclude Include="DayNight.h"><Filter>Header Files</Filter></ClInclude>
    <ClInclude Include="Mesh.h"><Filter>Header Files</Filter></ClInclude>
    <ClInclude Include="Overlay.h"><Filter>Header Files</Filter></ClInclude>
    <ClInclude Include="Route.h"><Filter>Header Files</Filter></ClInclude>
    <ClInclude Include="Scene.h"><Filter>Header Files</Filter></ClInclude>
    <ClInclude Include="Shader.h"><Filter>Header Files</Filter></ClInclude>
    <ClInclude Include="Simulation.h"><Filter>Header Files</Filter></ClInclude>
    <ClInclude Include="Texture.h"><Filter>Header Files</Filter></ClInclude>
    <ClInclude Include="Sky.h"><Filter>Header Files</Filter></ClInclude>
    <ClInclude Include="PostProcess.h"><Filter>Header Files</Filter></ClInclude>
    <ClInclude Include="Framebuffer.h"><Filter>Header Files</Filter></ClInclude>
    <ClInclude Include="Screenshot.h"><Filter>Header Files</Filter></ClInclude>
    <ClInclude Include="Collision.h"><Filter>Header Files</Filter></ClInclude>
    <ClInclude Include="FrameStats.h"><Filter>Header Files</Filter></ClInclude>
    <ClInclude Include="RoadNetwork.h"><Filter>Header Files</Filter></ClInclude>
    <ClInclude Include="MeshBuilder.h"><Filter>Header Files</Filter></ClInclude>
    <ClInclude Include="LightManager.h"><Filter>Header Files</Filter></ClInclude>
    <ClInclude Include="RoadRenderer.h"><Filter>Header Files</Filter></ClInclude>
    <ClInclude Include="World.h"><Filter>Header Files</Filter></ClInclude>
    <ClInclude Include="Player.h"><Filter>Header Files</Filter></ClInclude>
    <ClInclude Include="VehicleTypes.h"><Filter>Header Files</Filter></ClInclude>
    <ClInclude Include="NeonText.h"><Filter>Header Files</Filter></ClInclude>
    <ClInclude Include="PropRenderer.h"><Filter>Header Files</Filter></ClInclude>
    <ClInclude Include="Mannequin.h"><Filter>Header Files</Filter></ClInclude>
    <ClInclude Include="Pedestrians.h"><Filter>Header Files</Filter></ClInclude>
    <ClInclude Include="PedestrianRenderer.h"><Filter>Header Files</Filter></ClInclude>
    <ClInclude Include="TreeGenerator.h"><Filter>Header Files</Filter></ClInclude>
    <ClInclude Include="VehicleRenderer.h"><Filter>Header Files</Filter></ClInclude>
  </ItemGroup>
  <ItemGroup>
    <None Include="assets\asphalt-photoreal.png"><Filter>Resource Files</Filter></None>
    <None Include="shaders\overlay.frag"><Filter>Resource Files</Filter></None>
    <None Include="shaders\overlay.vert"><Filter>Resource Files</Filter></None>
    <None Include="shaders\scene.frag"><Filter>Resource Files</Filter></None>
    <None Include="shaders\scene.vert"><Filter>Resource Files</Filter></None>
    <None Include="shaders\atmosphere.glsl"><Filter>Resource Files</Filter></None>
    <None Include="shaders\sky.frag"><Filter>Resource Files</Filter></None>
    <None Include="shaders\tonemap.frag"><Filter>Resource Files</Filter></None>
    <None Include="shaders\bloom_up.frag"><Filter>Resource Files</Filter></None>
    <None Include="shaders\bloom_down.frag"><Filter>Resource Files</Filter></None>
    <None Include="shaders\post.vert"><Filter>Resource Files</Filter></None>
    <None Include="shaders\lights.glsl"><Filter>Resource Files</Filter></None>
  </ItemGroup>
</Project>
